
Microsoft Visual Studio Solution File, Format Version 12.00
# Visual Studio Version 17
VisualStudioVersion = 17.0.32126.317
MinimumVisualStudioVersion = 10.0.40219.1
Project("{FAE04EC0-301F-11D3-BF4B-00C04F79EFBC}") = "ConsoleMon", "ConsoleMon\ConsoleMon.csproj", "{04788C1F-EB02-45F0-A809-7B38ACD89182}"
EndProject
Global
	GlobalSection(SolutionConfigurationPlatforms) = preSolution
		Debug|Any CPU = Debug|Any CPU
		Release|Any CPU = Release|Any CPU
	EndGlobalSection
	GlobalSection(ProjectConfigurationPlatforms) = postSolution
		{04788C1F-EB02-45F0-A809-7B38ACD89182}.Debug|Any CPU.ActiveCfg = Debug|Any CPU
		{04788C1F-EB02-45F0-A809-7B38ACD89182}.Debug|Any CPU.Build.0 = Debug|Any CPU
		{04788C1F-EB02-45F0-A809-7B38ACD89182}.Release|Any CPU.ActiveCfg = Release|Any CPU
		{04788C1F-EB02-45F0-A809-7B38ACD89182}.Release|Any CPU.Build.0 = Release|Any CPU
	EndGlobalSection
	GlobalSection(SolutionProperties) = preSolution
		HideSolutionNode = FALSE
	EndGlobalSection
	GlobalSection(ExtensibilityGlobals) = postSolution
		SolutionGuid = {73063433-0A2D-43BE-99EE-94C60BCE62AA}
	EndGlobalSection
EndGlobal
